
Microsoft Visual Studio Solution File, Format Version 12.00
# Visual Studio Version 18
VisualStudioVersion = 18.4.11626.88
MinimumVisualStudioVersion = 10.0.40219.1
Project("{2150E333-8FDC-42A3-9474-1A3956D46DE8}") = "Services", "Services", "{02EA681E-C7D8-13C7-8484-4AC65E1B71E8}"
EndProject
Project("{2150E333-8FDC-42A3-9474-1A3956D46DE8}") = "Catalog", "Catalog", "{F2897DF8-079C-4A70-869C-35A2AA7D435B}"
EndProject
Project("{FAE04EC0-301F-11D3-BF4B-00C04F79EFBC}") = "Catalog.Api", "Catalog.Api\Catalog.Api.csproj", "{6D23CDDF-797D-4E9E-9A45-1AB22573A97C}"
EndProject
Project("{2150E333-8FDC-42A3-9474-1A3956D46DE8}") = "Infrastructure", "Infrastructure", "{5F2634C0-8E65-4229-AA08-7E59024BC69E}"
EndProject
Project("{FAE04EC0-301F-11D3-BF4B-00C04F79EFBC}") = "Catalog.Infrastructure.Persistence", "Catalog.Infrastructure.Persistence\Catalog.Infrastructure.Persistence.csproj", "{48F1968B-09DB-4B2B-9249-63B27CA7CE0B}"
EndProject
Project("{FAE04EC0-301F-11D3-BF4B-00C04F79EFBC}") = "Catalog.Infrastructure.Services", "Catalog.Infrastructure.Services\Catalog.Infrastructure.Services.csproj", "{A6FE291F-AC76-4CD0-8161-CA3621F1D5A7}"
EndProject
Project("{2150E333-8FDC-42A3-9474-1A3956D46DE8}") = "Core", "Core", "{CE90916A-60A7-4975-A370-E7F8A56438DC}"
EndProject
Project("{FAE04EC0-301F-11D3-BF4B-00C04F79EFBC}") = "Catalog.Application", "Catalog.Application\Catalog.Application.csproj", "{4DB7FDAE-FA06-466F-87E9-340C329C39FD}"
EndProject
Project("{FAE04EC0-301F-11D3-BF4B-00C04F79EFBC}") = "Catalog.Domain", "Catalog.Domain\Catalog.Domain.csproj", "{5244EB59-CBC1-4729-A932-40CE683C0F47}"
EndProject
Project("{E53339B2-1760-4266-BCC7-CA923CBCF16C}") = "docker-compose", "docker-compose.dcproj", "{81DDED9D-158B-E303-5F62-77A2896D2A5A}"
EndProject
Project("{2150E333-8FDC-42A3-9474-1A3956D46DE8}") = "Basket", "Basket", "{37BA765F-1235-4077-B443-3D9C97F0540D}"
EndProject
Project("{FAE04EC0-301F-11D3-BF4B-00C04F79EFBC}") = "Basket.Api", "Basket.Api\Basket.Api.csproj", "{C7B1F5F2-0A1B-4FF0-AD37-C00F8BC7820A}"
EndProject
Project("{2150E333-8FDC-42A3-9474-1A3956D46DE8}") = "Discount", "Discount", "{96A879FE-F51C-4469-A0C2-4D05C807002B}"
EndProject
Project("{FAE04EC0-301F-11D3-BF4B-00C04F79EFBC}") = "Discount.gRPC", "Discount.gRPC\Discount.gRPC.csproj", "{5B211E0F-2F45-409A-BE71-E3E8C2830142}"
EndProject
Project("{2150E333-8FDC-42A3-9474-1A3956D46DE8}") = "Ordering", "Ordering", "{FCCFDF25-5105-48AC-81E8-BFA7C8C1CA19}"
EndProject
Project("{FAE04EC0-301F-11D3-BF4B-00C04F79EFBC}") = "Ordering.Api", "Ordering.Api\Ordering.Api.csproj", "{691F4341-04A3-46CC-B2D4-C592A8A67AF8}"
EndProject
Project("{FAE04EC0-301F-11D3-BF4B-00C04F79EFBC}") = "Ordering.Domain", "Ordering.Domain\Ordering.Domain.csproj", "{AB2A1AFA-2DFE-491D-88D6-11E5DE824B9B}"
EndProject
Project("{FAE04EC0-301F-11D3-BF4B-00C04F79EFBC}") = "Ordering.Infrastructure", "Ordering.Infrastructure\Ordering.Infrastructure.csproj", "{9B2A9FEE-DB8A-4188-939B-405A1015B3C6}"
EndProject
Project("{FAE04EC0-301F-11D3-BF4B-00C04F79EFBC}") = "Ordering.Persistence", "Ordering.Persistence\Ordering.Persistence.csproj", "{52BC3BA8-8AB4-4995-A740-5014839DB50B}"
EndProject
Global
	GlobalSection(SolutionConfigurationPlatforms) = preSolution
		Debug|Any CPU = Debug|Any CPU
		Release|Any CPU = Release|Any CPU
	EndGlobalSection
	GlobalSection(ProjectConfigurationPlatforms) = postSolution
		{6D23CDDF-797D-4E9E-9A45-1AB22573A97C}.Debug|Any CPU.ActiveCfg = Debug|Any CPU
		{6D23CDDF-797D-4E9E-9A45-1AB22573A97C}.Debug|Any CPU.Build.0 = Debug|Any CPU
		{6D23CDDF-797D-4E9E-9A45-1AB22573A97C}.Release|Any CPU.ActiveCfg = Release|Any CPU
		{6D23CDDF-797D-4E9E-9A45-1AB22573A97C}.Release|Any CPU.Build.0 = Release|Any CPU
		{48F1968B-09DB-4B2B-9249-63B27CA7CE0B}.Debug|Any CPU.ActiveCfg = Debug|Any CPU
		{48F1968B-09DB-4B2B-9249-63B27CA7CE0B}.Debug|Any CPU.Build.0 = Debug|Any CPU
		{48F1968B-09DB-4B2B-9249-63B27CA7CE0B}.Release|Any CPU.ActiveCfg = Release|Any CPU
		{48F1968B-09DB-4B2B-9249-63B27CA7CE0B}.Release|Any CPU.Build.0 = Release|Any CPU
		{A6FE291F-AC76-4CD0-8161-CA3621F1D5A7}.Debug|Any CPU.ActiveCfg = Debug|Any CPU
		{A6FE291F-AC76-4CD0-8161-CA3621F1D5A7}.Debug|Any CPU.Build.0 = Debug|Any CPU
		{A6FE291F-AC76-4CD0-8161-CA3621F1D5A7}.Release|Any CPU.ActiveCfg = Release|Any CPU
		{A6FE291F-AC76-4CD0-8161-CA3621F1D5A7}.Release|Any CPU.Build.0 = Release|Any CPU
		{4DB7FDAE-FA06-466F-87E9-340C329C39FD}.Debug|Any CPU.ActiveCfg = Debug|Any CPU
		{4DB7FDAE-FA06-466F-87E9-340C329C39FD}.Debug|Any CPU.Build.0 = Debug|Any CPU
		{4DB7FDAE-FA06-466F-87E9-340C329C39FD}.Release|Any CPU.ActiveCfg = Release|Any CPU
		{4DB7FDAE-FA06-466F-87E9-340C329C39FD}.Release|Any CPU.Build.0 = Release|Any CPU
		{5244EB59-CBC1-4729-A932-40CE683C0F47}.Debug|Any CPU.ActiveCfg = Debug|Any CPU
		{5244EB59-CBC1-4729-A932-40CE683C0F47}.Debug|Any CPU.Build.0 = Debug|Any CPU
		{5244EB59-CBC1-4729-A932-40CE683C0F47}.Release|Any CPU.ActiveCfg = Release|Any CPU
		{5244EB59-CBC1-4729-A932-40CE683C0F47}.Release|Any CPU.Build.0 = Release|Any CPU
		{81DDED9D-158B-E303-5F62-77A2896D2A5A}.Debug|Any CPU.ActiveCfg = Debug|Any CPU
		{81DDED9D-158B-E303-5F62-77A2896D2A5A}.Debug|Any CPU.Build.0 = Debug|Any CPU
		{81DDED9D-158B-E303-5F62-77A2896D2A5A}.Release|Any CPU.ActiveCfg = Release|Any CPU
		{81DDED9D-158B-E303-5F62-77A2896D2A5A}.Release|Any CPU.Build.0 = Release|Any CPU
		{C7B1F5F2-0A1B-4FF0-AD37-C00F8BC7820A}.Debug|Any CPU.ActiveCfg = Debug|Any CPU
		{C7B1F5F2-0A1B-4FF0-AD37-C00F8BC7820A}.Debug|Any CPU.Build.0 = Debug|Any CPU
		{C7B1F5F2-0A1B-4FF0-AD37-C00F8BC7820A}.Release|Any CPU.ActiveCfg = Release|Any CPU
		{C7B1F5F2-0A1B-4FF0-AD37-C00F8BC7820A}.Release|Any CPU.Build.0 = Release|Any CPU
		{5B211E0F-2F45-409A-BE71-E3E8C2830142}.Debug|Any CPU.ActiveCfg = Debug|Any CPU
		{5B211E0F-2F45-409A-BE71-E3E8C2830142}.Debug|Any CPU.Build.0 = Debug|Any CPU
		{5B211E0F-2F45-409A-BE71-E3E8C2830142}.Release|Any CPU.ActiveCfg = Release|Any CPU
		{5B211E0F-2F45-409A-BE71-E3E8C2830142}.Release|Any CPU.Build.0 = Release|Any CPU
		{691F4341-04A3-46CC-B2D4-C592A8A67AF8}.Debug|Any CPU.ActiveCfg = Debug|Any CPU
		{691F4341-04A3-46CC-B2D4-C592A8A67AF8}.Debug|Any CPU.Build.0 = Debug|Any CPU
		{691F4341-04A3-46CC-B2D4-C592A8A67AF8}.Release|Any CPU.ActiveCfg = Release|Any CPU
		{691F4341-04A3-46CC-B2D4-C592A8A67AF8}.Release|Any CPU.Build.0 = Release|Any CPU
		{AB2A1AFA-2DFE-491D-88D6-11E5DE824B9B}.Debug|Any CPU.ActiveCfg = Debug|Any CPU
		{AB2A1AFA-2DFE-491D-88D6-11E5DE824B9B}.Debug|Any CPU.Build.0 = Debug|Any CPU
		{AB2A1AFA-2DFE-491D-88D6-11E5DE824B9B}.Release|Any CPU.ActiveCfg = Release|Any CPU
		{AB2A1AFA-2DFE-491D-88D6-11E5DE824B9B}.Release|Any CPU.Build.0 = Release|Any CPU
		{9B2A9FEE-DB8A-4188-939B-405A1015B3C6}.Debug|Any CPU.ActiveCfg = Debug|Any CPU
		{9B2A9FEE-DB8A-4188-939B-405A1015B3C6}.Debug|Any CPU.Build.0 = Debug|Any CPU
		{9B2A9FEE-DB8A-4188-939B-405A1015B3C6}.Release|Any CPU.ActiveCfg = Release|Any CPU
		{9B2A9FEE-DB8A-4188-939B-405A1015B3C6}.Release|Any CPU.Build.0 = Release|Any CPU
		{52BC3BA8-8AB4-4995-A740-5014839DB50B}.Debug|Any CPU.ActiveCfg = Debug|Any CPU
		{52BC3BA8-8AB4-4995-A740-5014839DB50B}.Debug|Any CPU.Build.0 = Debug|Any CPU
		{52BC3BA8-8AB4-4995-A740-5014839DB50B}.Release|Any CPU.ActiveCfg = Release|Any CPU
		{52BC3BA8-8AB4-4995-A740-5014839DB50B}.Release|Any CPU.Build.0 = Release|Any CPU
	EndGlobalSection
	GlobalSection(SolutionProperties) = preSolution
		HideSolutionNode = FALSE
	EndGlobalSection
	GlobalSection(NestedProjects) = preSolution
		{F2897DF8-079C-4A70-869C-35A2AA7D435B} = {02EA681E-C7D8-13C7-8484-4AC65E1B71E8}
		{6D23CDDF-797D-4E9E-9A45-1AB22573A97C} = {F2897DF8-079C-4A70-869C-35A2AA7D435B}
		{5F2634C0-8E65-4229-AA08-7E59024BC69E} = {F2897DF8-079C-4A70-869C-35A2AA7D435B}
		{48F1968B-09DB-4B2B-9249-63B27CA7CE0B} = {5F2634C0-8E65-4229-AA08-7E59024BC69E}
		{A6FE291F-AC76-4CD0-8161-CA3621F1D5A7} = {5F2634C0-8E65-4229-AA08-7E59024BC69E}
		{CE90916A-60A7-4975-A370-E7F8A56438DC} = {F2897DF8-079C-4A70-869C-35A2AA7D435B}
		{4DB7FDAE-FA06-466F-87E9-340C329C39FD} = {CE90916A-60A7-4975-A370-E7F8A56438DC}
		{5244EB59-CBC1-4729-A932-40CE683C0F47} = {CE90916A-60A7-4975-A370-E7F8A56438DC}
		{37BA765F-1235-4077-B443-3D9C97F0540D} = {02EA681E-C7D8-13C7-8484-4AC65E1B71E8}
		{C7B1F5F2-0A1B-4FF0-AD37-C00F8BC7820A} = {37BA765F-1235-4077-B443-3D9C97F0540D}
		{96A879FE-F51C-4469-A0C2-4D05C807002B} = {02EA681E-C7D8-13C7-8484-4AC65E1B71E8}
		{5B211E0F-2F45-409A-BE71-E3E8C2830142} = {96A879FE-F51C-4469-A0C2-4D05C807002B}
		{FCCFDF25-5105-48AC-81E8-BFA7C8C1CA19} = {02EA681E-C7D8-13C7-8484-4AC65E1B71E8}
		{691F4341-04A3-46CC-B2D4-C592A8A67AF8} = {FCCFDF25-5105-48AC-81E8-BFA7C8C1CA19}
		{AB2A1AFA-2DFE-491D-88D6-11E5DE824B9B} = {FCCFDF25-5105-48AC-81E8-BFA7C8C1CA19}
		{9B2A9FEE-DB8A-4188-939B-405A1015B3C6} = {FCCFDF25-5105-48AC-81E8-BFA7C8C1CA19}
		{52BC3BA8-8AB4-4995-A740-5014839DB50B} = {FCCFDF25-5105-48AC-81E8-BFA7C8C1CA19}
	EndGlobalSection
	GlobalSection(ExtensibilityGlobals) = postSolution
		SolutionGuid = {6794A175-9E13-4166-AEA3-43C8FC402568}
	EndGlobalSection
EndGlobal
